
Microsoft Visual Studio Solution File, Format Version 12.00
# Visual Studio Version 16
VisualStudioVersion = 16.0.31019.35
MinimumVisualStudioVersion = 10.0.40219.1
Project("{FAE04EC0-301F-11D3-BF4B-00C04F79EFBC}") = "qckdev.Data.Linq", "qckdev.Data.Linq\qckdev.Data.Linq.csproj", "{2E5D54F4-3C9F-419E-A840-FA042A7573D0}"
EndProject
Project("{FAE04EC0-301F-11D3-BF4B-00C04F79EFBC}") = "qckdev.Data.Linq.Test", "qckdev.Data.Linq.Test\qckdev.Data.Linq.Test.csproj", "{A38D0BD3-A523-4CD2-9833-B36174C33EF1}"
EndProject
Global
	GlobalSection(SolutionConfigurationPlatforms) = preSolution
		Debug|Any CPU = Debug|Any CPU
		Release|Any CPU = Release|Any CPU
	EndGlobalSection
	GlobalSection(ProjectConfigurationPlatforms) = postSolution
		{2E5D54F4-3C9F-419E-A840-FA042A7573D0}.Debug|Any CPU.ActiveCfg = Debug|Any CPU
		{2E5D54F4-3C9F-419E-A840-FA042A7573D0}.Debug|Any CPU.Build.0 = Debug|Any CPU
		{2E5D54F4-3C9F-419E-A840-FA042A7573D0}.Release|Any CPU.ActiveCfg = Release|Any CPU
		{2E5D54F4-3C9F-419E-A840-FA042A7573D0}.Release|Any CPU.Build.0 = Release|Any CPU
		{A38D0BD3-A523-4CD2-9833-B36174C33EF1}.Debug|Any CPU.ActiveCfg = Debug|Any CPU
		{A38D0BD3-A523-4CD2-9833-B36174C33EF1}.Debug|Any CPU.Build.0 = Debug|Any CPU
		{A38D0BD3-A523-4CD2-9833-B36174C33EF1}.Release|Any CPU.ActiveCfg = Release|Any CPU
		{A38D0BD3-A523-4CD2-9833-B36174C33EF1}.Release|Any CPU.Build.0 = Release|Any CPU
	EndGlobalSection
	GlobalSection(SolutionProperties) = preSolution
		HideSolutionNode = FALSE
	EndGlobalSection
	GlobalSection(ExtensibilityGlobals) = postSolution
		SolutionGuid = {A5CF36C5-97BD-4FB6-9B29-7447FD5797AB}
	EndGlobalSection
EndGlobal
